{
  "originHash" : "3cc96717d04e7b49884670a845a71112c7796c959de8bc337c3af98b743dbca2",
  "pins" : [
    {
      "identity" : "swift-sodium",
      "kind" : "remoteSourceControl",
      "location" : "https://github.com/jedisct1/swift-sodium.git",
      "state" : {
        "revision" : "4f9164a0a2c9a6a7ff53a2833d54a5c79c957342",
        "version" : "0.9.1"
      }
    }
  ],
  "version" : 3
}
