{
  "originHash" : "db949c828d7a4e795e32aa5c579ff6e2de043819facab46fcfb6d7e95d034747",
  "pins" : [
    {
      "identity" : "swift-sodium",
      "kind" : "remoteSourceControl",
      "location" : "https://github.com/jedisct1/swift-sodium.git",
      "state" : {
        "revision" : "4f9164a0a2c9a6a7ff53a2833d54a5c79c957342",
        "version" : "0.9.1"
      }
    }
  ],
  "version" : 3
}
